# This file is automatically @generated by Cargo.
# It is not intended for manual editing.
version = 4

[[package]]
name = "arch"
version = "0.1.0"

[[package]]
name = "bitflags"
version = "2.11.0"
source = "registry+https://github.com/rust-lang/crates.io-index"
checksum = "843867be96c8daad0d758b57df9392b6d8d271134fce549de6ce169ff98a92af"

[[package]]
name = "bsp-esp32-riscv"
version = "0.1.0"
dependencies = [
 "arch",
]

[[package]]
name = "bsp-qemu-virt"
version = "0.1.0"
dependencies = [
 "arch",
]

[[package]]
name = "distributions"
version = "0.1.0"

[[package]]
name = "kernel-esp32"
version = "0.1.0"
dependencies = [
 "arch",
 "bsp-esp32-riscv",
 "microkernel",
 "panic-halt",
 "shell",
]

[[package]]
name = "kernel-qemu-virt"
version = "0.1.0"
dependencies = [
 "arch",
 "bsp-qemu-virt",
 "microkernel",
 "panic-halt",
 "shell",
]

[[package]]
name = "libc"
version = "0.2.182"
source = "registry+https://github.com/rust-lang/crates.io-index"
checksum = "6800badb6cb2082ffd7b6a67e6125bb39f18782f793520caee8cb8846be06112"

[[package]]
name = "microkernel"
version = "0.1.0"
dependencies = [
 "arch",
 "bitflags",
]

[[package]]
name = "panic-halt"
version = "1.0.0"
source = "registry+https://github.com/rust-lang/crates.io-index"
checksum = "a513e167849a384b7f9b746e517604398518590a9142f4846a32e3c2a4de7b11"

[[package]]
name = "shell"
version = "0.1.0"
dependencies = [
 "arch",
]

[[package]]
name = "veeros-demo"
version = "0.1.0"
dependencies = [
 "arch",
 "libc",
 "shell",
]
